# This file is automatically @generated by Cargo.
# It is not intended for manual editing.
version = 4

[[package]]
name = "count-tts-inner"
version = "0.1.1"
dependencies = [
 "proc-macro-tool",
]

[[package]]
name = "proc-macro-tool"
version = "0.8.0"
source = "registry+https://github.com/rust-lang/crates.io-index"
checksum = "32c978e1b9fd26d8a2882ae172e0b0c32e63b2caff15fd3684cc55af1dd74744"
