# This file is automatically @generated by Cargo.
# It is not intended for manual editing.
version = 4

[[package]]
name = "count-tts-inner"
version = "0.1.0"
dependencies = [
 "count_tts",
 "proc-macro-tool",
]

[[package]]
name = "count_tts"
version = "0.2.0"
source = "registry+https://github.com/rust-lang/crates.io-index"
checksum = "809b88cb47b0327f505fc39f5415e4ab02629d2368d9eadac18d7012c5a40bb2"

[[package]]
name = "proc-macro-tool"
version = "0.8.0"
source = "registry+https://github.com/rust-lang/crates.io-index"
checksum = "32c978e1b9fd26d8a2882ae172e0b0c32e63b2caff15fd3684cc55af1dd74744"
